// !$*UTF8*$!
{
	archiveVersion = 1;
	classes = {
	};
	objectVersion = 56;
	objects = {

/* Begin PBXBuildFile section */
		6981DEAC2A0D145C0081D917 /* ImgaeActionRowView.swift in Sources */ = {isa = PBXBuildFile; fileRef = 6981DEAB2A0D145C0081D917 /* ImgaeActionRowView.swift */; };
		6981DEB72A0F7DAD0081D917 /* elephant.json in Resources */ = {isa = PBXBuildFile; fileRef = 6981DEB62A0F7DAD0081D917 /* elephant.json */; };
		6981DEB92A0F7DB40081D917 /* good.json in Resources */ = {isa = PBXBuildFile; fileRef = 6981DEB82A0F7DB40081D917 /* good.json */; };
		6981DEBE2A0F7F160081D917 /* Lottie in Frameworks */ = {isa = PBXBuildFile; productRef = 6981DEBD2A0F7F160081D917 /* Lottie */; };
		6981DEC02A0F88A10081D917 /* LottieView.swift in Sources */ = {isa = PBXBuildFile; fileRef = 6981DEBF2A0F88A10081D917 /* LottieView.swift */; };
		6981DEC52A0FB1A40081D917 /* ImageActionViewModel.swift in Sources */ = {isa = PBXBuildFile; fileRef = 6981DEC42A0FB1A40081D917 /* ImageActionViewModel.swift */; };
		69A5C4EE2A0A828800C8FE70 /* DetailRowView.swift in Sources */ = {isa = PBXBuildFile; fileRef = 69A5C4ED2A0A828800C8FE70 /* DetailRowView.swift */; };
		69A5C4F12A0A834300C8FE70 /* ToDoAddView.swift in Sources */ = {isa = PBXBuildFile; fileRef = 69A5C4F02A0A834300C8FE70 /* ToDoAddView.swift */; };
		69A5C4F32A0A850500C8FE70 /* ToDoEditView.swift in Sources */ = {isa = PBXBuildFile; fileRef = 69A5C4F22A0A850500C8FE70 /* ToDoEditView.swift */; };
		69A882502A092B79009D182A /* ChildToDoApp.swift in Sources */ = {isa = PBXBuildFile; fileRef = 69A8824F2A092B79009D182A /* ChildToDoApp.swift */; };
		69A882522A092B79009D182A /* HomeView.swift in Sources */ = {isa = PBXBuildFile; fileRef = 69A882512A092B79009D182A /* HomeView.swift */; };
		69A882542A092B7A009D182A /* Assets.xcassets in Resources */ = {isa = PBXBuildFile; fileRef = 69A882532A092B7A009D182A /* Assets.xcassets */; };
		69A882572A092B7A009D182A /* Preview Assets.xcassets in Resources */ = {isa = PBXBuildFile; fileRef = 69A882562A092B7A009D182A /* Preview Assets.xcassets */; };
		69A882612A092B7A009D182A /* ChildToDoTests.swift in Sources */ = {isa = PBXBuildFile; fileRef = 69A882602A092B7A009D182A /* ChildToDoTests.swift */; };
		69A8826B2A092B7A009D182A /* ChildToDoUITests.swift in Sources */ = {isa = PBXBuildFile; fileRef = 69A8826A2A092B7A009D182A /* ChildToDoUITests.swift */; };
		69A8826D2A092B7A009D182A /* ChildToDoUITestsLaunchTests.swift in Sources */ = {isa = PBXBuildFile; fileRef = 69A8826C2A092B7A009D182A /* ChildToDoUITestsLaunchTests.swift */; };
		69A8827D2A092CCC009D182A /* ToDoDetailView.swift in Sources */ = {isa = PBXBuildFile; fileRef = 69A8827C2A092CCC009D182A /* ToDoDetailView.swift */; };
		69A882812A092D24009D182A /* HomeRowView.swift in Sources */ = {isa = PBXBuildFile; fileRef = 69A882802A092D24009D182A /* HomeRowView.swift */; };
		69A882832A092DA3009D182A /* ImageActionView.swift in Sources */ = {isa = PBXBuildFile; fileRef = 69A882822A092DA3009D182A /* ImageActionView.swift */; };
		69A882872A092ECC009D182A /* Model.swift in Sources */ = {isa = PBXBuildFile; fileRef = 69A882862A092ECC009D182A /* Model.swift */; };
		69A882892A092F56009D182A /* DataConvertError.swift in Sources */ = {isa = PBXBuildFile; fileRef = 69A882882A092F56009D182A /* DataConvertError.swift */; };
		69A8828B2A092F6B009D182A /* NonTextError.swift in Sources */ = {isa = PBXBuildFile; fileRef = 69A8828A2A092F6B009D182A /* NonTextError.swift */; };
		69A8828D2A092F8A009D182A /* UserDefaultManager.swift in Sources */ = {isa = PBXBuildFile; fileRef = 69A8828C2A092F8A009D182A /* UserDefaultManager.swift */; };
		69A882902A0935E1009D182A /* HomeViewModel.swift in Sources */ = {isa = PBXBuildFile; fileRef = 69A8828F2A0935E1009D182A /* HomeViewModel.swift */; };
		69A882962A093643009D182A /* DetailViewModel.swift in Sources */ = {isa = PBXBuildFile; fileRef = 69A882952A093643009D182A /* DetailViewModel.swift */; };
		69BD0AE52A4D9B6A00DD7041 /* AVFoundationData.swift in Sources */ = {isa = PBXBuildFile; fileRef = 69BD0AE42A4D9B6A00DD7041 /* AVFoundationData.swift */; };
		69D8A2A52A7F74D5007C884C /* Color+.swift in Sources */ = {isa = PBXBuildFile; fileRef = 69D8A2A42A7F74D5007C884C /* Color+.swift */; };
/* End PBXBuildFile section */

/* Begin PBXContainerItemProxy section */
		69A8825D2A092B7A009D182A /* PBXContainerItemProxy */ = {
			isa = PBXContainerItemProxy;
			containerPortal = 69A882442A092B79009D182A /* Project object */;
			proxyType = 1;
			remoteGlobalIDString = 69A8824B2A092B79009D182A;
			remoteInfo = ChildToDo;
		};
		69A882672A092B7A009D182A /* PBXContainerItemProxy */ = {
			isa = PBXContainerItemProxy;
			containerPortal = 69A882442A092B79009D182A /* Project object */;
			proxyType = 1;
			remoteGlobalIDString = 69A8824B2A092B79009D182A;
			remoteInfo = ChildToDo;
		};
/* End PBXContainerItemProxy section */

/* Begin PBXFileReference section */
		6981DEAB2A0D145C0081D917 /* ImgaeActionRowView.swift */ = {isa = PBXFileReference; lastKnownFileType = sourcecode.swift; path = ImgaeActionRowView.swift; sourceTree = "<group>"; };
		6981DEB62A0F7DAD0081D917 /* elephant.json */ = {isa = PBXFileReference; fileEncoding = 4; lastKnownFileType = text.json; path = elephant.json; sourceTree = "<group>"; };
		6981DEB82A0F7DB40081D917 /* good.json */ = {isa = PBXFileReference; fileEncoding = 4; lastKnownFileType = text.json; path = good.json; sourceTree = "<group>"; };
		6981DEBF2A0F88A10081D917 /* LottieView.swift */ = {isa = PBXFileReference; lastKnownFileType = sourcecode.swift; path = LottieView.swift; sourceTree = "<group>"; };
		6981DEC42A0FB1A40081D917 /* ImageActionViewModel.swift */ = {isa = PBXFileReference; lastKnownFileType = sourcecode.swift; path = ImageActionViewModel.swift; sourceTree = "<group>"; };
		69A5C4ED2A0A828800C8FE70 /* DetailRowView.swift */ = {isa = PBXFileReference; lastKnownFileType = sourcecode.swift; path = DetailRowView.swift; sourceTree = "<group>"; };
		69A5C4F02A0A834300C8FE70 /* ToDoAddView.swift */ = {isa = PBXFileReference; lastKnownFileType = sourcecode.swift; path = ToDoAddView.swift; sourceTree = "<group>"; };
		69A5C4F22A0A850500C8FE70 /* ToDoEditView.swift */ = {isa = PBXFileReference; lastKnownFileType = sourcecode.swift; path = ToDoEditView.swift; sourceTree = "<group>"; };
		69A8824C2A092B79009D182A /* ChildToDo.app */ = {isa = PBXFileReference; explicitFileType = wrapper.application; includeInIndex = 0; path = ChildToDo.app; sourceTree = BUILT_PRODUCTS_DIR; };
		69A8824F2A092B79009D182A /* ChildToDoApp.swift */ = {isa = PBXFileReference; lastKnownFileType = sourcecode.swift; path = ChildToDoApp.swift; sourceTree = "<group>"; };
		69A882512A092B79009D182A /* HomeView.swift */ = {isa = PBXFileReference; lastKnownFileType = sourcecode.swift; path = HomeView.swift; sourceTree = "<group>"; };
		69A882532A092B7A009D182A /* Assets.xcassets */ = {isa = PBXFileReference; lastKnownFileType = folder.assetcatalog; path = Assets.xcassets; sourceTree = "<group>"; };
		69A882562A092B7A009D182A /* Preview Assets.xcassets */ = {isa = PBXFileReference; lastKnownFileType = folder.assetcatalog; path = "Preview Assets.xcassets"; sourceTree = "<group>"; };
		69A8825C2A092B7A009D182A /* ChildToDoTests.xctest */ = {isa = PBXFileReference; explicitFileType = wrapper.cfbundle; includeInIndex = 0; path = ChildToDoTests.xctest; sourceTree = BUILT_PRODUCTS_DIR; };
		69A882602A092B7A009D182A /* ChildToDoTests.swift */ = {isa = PBXFileReference; lastKnownFileType = sourcecode.swift; path = ChildToDoTests.swift; sourceTree = "<group>"; };
		69A882662A092B7A009D182A /* ChildToDoUITests.xctest */ = {isa = PBXFileReference; explicitFileType = wrapper.cfbundle; includeInIndex = 0; path = ChildToDoUITests.xctest; sourceTree = BUILT_PRODUCTS_DIR; };
		69A8826A2A092B7A009D182A /* ChildToDoUITests.swift */ = {isa = PBXFileReference; lastKnownFileType = sourcecode.swift; path = ChildToDoUITests.swift; sourceTree = "<group>"; };
		69A8826C2A092B7A009D182A /* ChildToDoUITestsLaunchTests.swift */ = {isa = PBXFileReference; lastKnownFileType = sourcecode.swift; path = ChildToDoUITestsLaunchTests.swift; sourceTree = "<group>"; };
		69A8827C2A092CCC009D182A /* ToDoDetailView.swift */ = {isa = PBXFileReference; lastKnownFileType = sourcecode.swift; path = ToDoDetailView.swift; sourceTree = "<group>"; };
		69A882802A092D24009D182A /* HomeRowView.swift */ = {isa = PBXFileReference; lastKnownFileType = sourcecode.swift; path = HomeRowView.swift; sourceTree = "<group>"; };
		69A882822A092DA3009D182A /* ImageActionView.swift */ = {isa = PBXFileReference; lastKnownFileType = sourcecode.swift; path = ImageActionView.swift; sourceTree = "<group>"; };
		69A882862A092ECC009D182A /* Model.swift */ = {isa = PBXFileReference; lastKnownFileType = sourcecode.swift; path = Model.swift; sourceTree = "<group>"; };
		69A882882A092F56009D182A /* DataConvertError.swift */ = {isa = PBXFileReference; lastKnownFileType = sourcecode.swift; path = DataConvertError.swift; sourceTree = "<group>"; };
		69A8828A2A092F6B009D182A /* NonTextError.swift */ = {isa = PBXFileReference; lastKnownFileType = sourcecode.swift; path = NonTextError.swift; sourceTree = "<group>"; };
		69A8828C2A092F8A009D182A /* UserDefaultManager.swift */ = {isa = PBXFileReference; lastKnownFileType = sourcecode.swift; path = UserDefaultManager.swift; sourceTree = "<group>"; };
		69A8828F2A0935E1009D182A /* HomeViewModel.swift */ = {isa = PBXFileReference; lastKnownFileType = sourcecode.swift; path = HomeViewModel.swift; sourceTree = "<group>"; };
		69A882952A093643009D182A /* DetailViewModel.swift */ = {isa = PBXFileReference; lastKnownFileType = sourcecode.swift; path = DetailViewModel.swift; sourceTree = "<group>"; };
		69BD0AE42A4D9B6A00DD7041 /* AVFoundationData.swift */ = {isa = PBXFileReference; lastKnownFileType = sourcecode.swift; path = AVFoundationData.swift; sourceTree = "<group>"; };
		69D8A2A42A7F74D5007C884C /* Color+.swift */ = {isa = PBXFileReference; lastKnownFileType = sourcecode.swift; path = "Color+.swift"; sourceTree = "<group>"; };
/* End PBXFileReference section */

/* Begin PBXFrameworksBuildPhase section */
		69A882492A092B79009D182A /* Frameworks */ = {
			isa = PBXFrameworksBuildPhase;
			buildActionMask = 2147483647;
			files = (
				6981DEBE2A0F7F160081D917 /* Lottie in Frameworks */,
			);
			runOnlyForDeploymentPostprocessing = 0;
		};
		69A882592A092B7A009D182A /* Frameworks */ = {
			isa = PBXFrameworksBuildPhase;
			buildActionMask = 2147483647;
			files = (
			);
			runOnlyForDeploymentPostprocessing = 0;
		};
		69A882632A092B7A009D182A /* Frameworks */ = {
			isa = PBXFrameworksBuildPhase;
			buildActionMask = 2147483647;
			files = (
			);
			runOnlyForDeploymentPostprocessing = 0;
		};
/* End PBXFrameworksBuildPhase section */

/* Begin PBXGroup section */
		6981DEB42A0F77410081D917 /* LottieView */ = {
			isa = PBXGroup;
			children = (
				6981DEBF2A0F88A10081D917 /* LottieView.swift */,
			);
			path = LottieView;
			sourceTree = "<group>";
		};
		6981DEB52A0F7D860081D917 /* Json */ = {
			isa = PBXGroup;
			children = (
				6981DEB62A0F7DAD0081D917 /* elephant.json */,
				6981DEB82A0F7DB40081D917 /* good.json */,
			);
			path = Json;
			sourceTree = "<group>";
		};
		6981DEC32A0FB17A0081D917 /* ViewModel */ = {
			isa = PBXGroup;
			children = (
				6981DEC42A0FB1A40081D917 /* ImageActionViewModel.swift */,
			);
			path = ViewModel;
			sourceTree = "<group>";
		};
		69A5C4EF2A0A832800C8FE70 /* Public */ = {
			isa = PBXGroup;
			children = (
				69A5C4F02A0A834300C8FE70 /* ToDoAddView.swift */,
				69A5C4F22A0A850500C8FE70 /* ToDoEditView.swift */,
			);
			path = Public;
			sourceTree = "<group>";
		};
		69A81BB92A20D26100975056 /* View */ = {
			isa = PBXGroup;
			children = (
				69A882822A092DA3009D182A /* ImageActionView.swift */,
				6981DEAB2A0D145C0081D917 /* ImgaeActionRowView.swift */,
			);
			path = View;
			sourceTree = "<group>";
		};
		69A882432A092B79009D182A = {
			isa = PBXGroup;
			children = (
				69A8824E2A092B79009D182A /* ChildToDo */,
				69A8825F2A092B7A009D182A /* ChildToDoTests */,
				69A882692A092B7A009D182A /* ChildToDoUITests */,
				69A8824D2A092B79009D182A /* Products */,
			);
			sourceTree = "<group>";
		};
		69A8824D2A092B79009D182A /* Products */ = {
			isa = PBXGroup;
			children = (
				69A8824C2A092B79009D182A /* ChildToDo.app */,
				69A8825C2A092B7A009D182A /* ChildToDoTests.xctest */,
				69A882662A092B7A009D182A /* ChildToDoUITests.xctest */,
			);
			name = Products;
			sourceTree = "<group>";
		};
		69A8824E2A092B79009D182A /* ChildToDo */ = {
			isa = PBXGroup;
			children = (
				69A8824F2A092B79009D182A /* ChildToDoApp.swift */,
				69D8A2A32A7F74B7007C884C /* Extention */,
				6981DEB42A0F77410081D917 /* LottieView */,
				69A5C4EF2A0A832800C8FE70 /* Public */,
				69A882842A092E09009D182A /* ImageActionView */,
				69A8827B2A092CA9009D182A /* DetailVIew */,
				69A882792A092C2B009D182A /* HomeView */,
				69A882532A092B7A009D182A /* Assets.xcassets */,
				6981DEB52A0F7D860081D917 /* Json */,
				69A882552A092B7A009D182A /* Preview Content */,
			);
			path = ChildToDo;
			sourceTree = "<group>";
		};
		69A882552A092B7A009D182A /* Preview Content */ = {
			isa = PBXGroup;
			children = (
				69A882562A092B7A009D182A /* Preview Assets.xcassets */,
			);
			path = "Preview Content";
			sourceTree = "<group>";
		};
		69A8825F2A092B7A009D182A /* ChildToDoTests */ = {
			isa = PBXGroup;
			children = (
				69A882602A092B7A009D182A /* ChildToDoTests.swift */,
			);
			path = ChildToDoTests;
			sourceTree = "<group>";
		};
		69A882692A092B7A009D182A /* ChildToDoUITests */ = {
			isa = PBXGroup;
			children = (
				69A8826A2A092B7A009D182A /* ChildToDoUITests.swift */,
				69A8826C2A092B7A009D182A /* ChildToDoUITestsLaunchTests.swift */,
			);
			path = ChildToDoUITests;
			sourceTree = "<group>";
		};
		69A882792A092C2B009D182A /* HomeView */ = {
			isa = PBXGroup;
			children = (
				69A8828E2A0935C3009D182A /* HomeViewModel */,
				69A882912A0935FA009D182A /* View */,
				69A882852A092EB6009D182A /* Model */,
			);
			path = HomeView;
			sourceTree = "<group>";
		};
		69A8827B2A092CA9009D182A /* DetailVIew */ = {
			isa = PBXGroup;
			children = (
				69A882942A09362A009D182A /* DetailViewModel */,
				69A882922A093609009D182A /* View */,
			);
			path = DetailVIew;
			sourceTree = "<group>";
		};
		69A882842A092E09009D182A /* ImageActionView */ = {
			isa = PBXGroup;
			children = (
				69A81BB92A20D26100975056 /* View */,
				6981DEC32A0FB17A0081D917 /* ViewModel */,
			);
			path = ImageActionView;
			sourceTree = "<group>";
		};
		69A882852A092EB6009D182A /* Model */ = {
			isa = PBXGroup;
			children = (
				69A882862A092ECC009D182A /* Model.swift */,
				69BD0AE42A4D9B6A00DD7041 /* AVFoundationData.swift */,
				69A882882A092F56009D182A /* DataConvertError.swift */,
				69A8828A2A092F6B009D182A /* NonTextError.swift */,
				69A8828C2A092F8A009D182A /* UserDefaultManager.swift */,
			);
			path = Model;
			sourceTree = "<group>";
		};
		69A8828E2A0935C3009D182A /* HomeViewModel */ = {
			isa = PBXGroup;
			children = (
				69A8828F2A0935E1009D182A /* HomeViewModel.swift */,
			);
			path = HomeViewModel;
			sourceTree = "<group>";
		};
		69A882912A0935FA009D182A /* View */ = {
			isa = PBXGroup;
			children = (
				69A882512A092B79009D182A /* HomeView.swift */,
				69A882802A092D24009D182A /* HomeRowView.swift */,
			);
			path = View;
			sourceTree = "<group>";
		};
		69A882922A093609009D182A /* View */ = {
			isa = PBXGroup;
			children = (
				69A8827C2A092CCC009D182A /* ToDoDetailView.swift */,
				69A5C4ED2A0A828800C8FE70 /* DetailRowView.swift */,
			);
			path = View;
			sourceTree = "<group>";
		};
		69A882942A09362A009D182A /* DetailViewModel */ = {
			isa = PBXGroup;
			children = (
				69A882952A093643009D182A /* DetailViewModel.swift */,
			);
			path = DetailViewModel;
			sourceTree = "<group>";
		};
		69D8A2A32A7F74B7007C884C /* Extention */ = {
			isa = PBXGroup;
			children = (
				69D8A2A42A7F74D5007C884C /* Color+.swift */,
			);
			path = Extention;
			sourceTree = "<group>";
		};
/* End PBXGroup section */

/* Begin PBXNativeTarget section */
		69A8824B2A092B79009D182A /* ChildToDo */ = {
			isa = PBXNativeTarget;
			buildConfigurationList = 69A882702A092B7A009D182A /* Build configuration list for PBXNativeTarget "ChildToDo" */;
			buildPhases = (
				69A882482A092B79009D182A /* Sources */,
				69A882492A092B79009D182A /* Frameworks */,
				69A8824A2A092B79009D182A /* Resources */,
			);
			buildRules = (
			);
			dependencies = (
			);
			name = ChildToDo;
			packageProductDependencies = (
				6981DEBD2A0F7F160081D917 /* Lottie */,
			);
			productName = ChildToDo;
			productReference = 69A8824C2A092B79009D182A /* ChildToDo.app */;
			productType = "com.apple.product-type.application";
		};
		69A8825B2A092B7A009D182A /* ChildToDoTests */ = {
			isa = PBXNativeTarget;
			buildConfigurationList = 69A882732A092B7A009D182A /* Build configuration list for PBXNativeTarget "ChildToDoTests" */;
			buildPhases = (
				69A882582A092B7A009D182A /* Sources */,
				69A882592A092B7A009D182A /* Frameworks */,
				69A8825A2A092B7A009D182A /* Resources */,
			);
			buildRules = (
			);
			dependencies = (
				69A8825E2A092B7A009D182A /* PBXTargetDependency */,
			);
			name = ChildToDoTests;
			productName = ChildToDoTests;
			productReference = 69A8825C2A092B7A009D182A /* ChildToDoTests.xctest */;
			productType = "com.apple.product-type.bundle.unit-test";
		};
		69A882652A092B7A009D182A /* ChildToDoUITests */ = {
			isa = PBXNativeTarget;
			buildConfigurationList = 69A882762A092B7A009D182A /* Build configuration list for PBXNativeTarget "ChildToDoUITests" */;
			buildPhases = (
				69A882622A092B7A009D182A /* Sources */,
				69A882632A092B7A009D182A /* Frameworks */,
				69A882642A092B7A009D182A /* Resources */,
			);
			buildRules = (
			);
			dependencies = (
				69A882682A092B7A009D182A /* PBXTargetDependency */,
			);
			name = ChildToDoUITests;
			productName = ChildToDoUITests;
			productReference = 69A882662A092B7A009D182A /* ChildToDoUITests.xctest */;
			productType = "com.apple.product-type.bundle.ui-testing";
		};
/* End PBXNativeTarget section */

/* Begin PBXProject section */
		69A882442A092B79009D182A /* Project object */ = {
			isa = PBXProject;
			attributes = {
				BuildIndependentTargetsInParallel = 1;
				LastSwiftUpdateCheck = 1430;
				LastUpgradeCheck = 1430;
				TargetAttributes = {
					69A8824B2A092B79009D182A = {
						CreatedOnToolsVersion = 14.3;
					};
					69A8825B2A092B7A009D182A = {
						CreatedOnToolsVersion = 14.3;
						TestTargetID = 69A8824B2A092B79009D182A;
					};
					69A882652A092B7A009D182A = {
						CreatedOnToolsVersion = 14.3;
						TestTargetID = 69A8824B2A092B79009D182A;
					};
				};
			};
			buildConfigurationList = 69A882472A092B79009D182A /* Build configuration list for PBXProject "ChildToDo" */;
			compatibilityVersion = "Xcode 14.0";
			developmentRegion = en;
			hasScannedForEncodings = 0;
			knownRegions = (
				en,
				Base,
			);
			mainGroup = 69A882432A092B79009D182A;
			packageReferences = (
				6981DEBC2A0F7F160081D917 /* XCRemoteSwiftPackageReference "lottie-ios" */,
			);
			productRefGroup = 69A8824D2A092B79009D182A /* Products */;
			projectDirPath = "";
			projectRoot = "";
			targets = (
				69A8824B2A092B79009D182A /* ChildToDo */,
				69A8825B2A092B7A009D182A /* ChildToDoTests */,
				69A882652A092B7A009D182A /* ChildToDoUITests */,
			);
		};
/* End PBXProject section */

/* Begin PBXResourcesBuildPhase section */
		69A8824A2A092B79009D182A /* Resources */ = {
			isa = PBXResourcesBuildPhase;
			buildActionMask = 2147483647;
			files = (
				69A882572A092B7A009D182A /* Preview Assets.xcassets in Resources */,
				69A882542A092B7A009D182A /* Assets.xcassets in Resources */,
				6981DEB92A0F7DB40081D917 /* good.json in Resources */,
				6981DEB72A0F7DAD0081D917 /* elephant.json in Resources */,
			);
			runOnlyForDeploymentPostprocessing = 0;
		};
		69A8825A2A092B7A009D182A /* Resources */ = {
			isa = PBXResourcesBuildPhase;
			buildActionMask = 2147483647;
			files = (
			);
			runOnlyForDeploymentPostprocessing = 0;
		};
		69A882642A092B7A009D182A /* Resources */ = {
			isa = PBXResourcesBuildPhase;
			buildActionMask = 2147483647;
			files = (
			);
			runOnlyForDeploymentPostprocessing = 0;
		};
/* End PBXResourcesBuildPhase section */

/* Begin PBXSourcesBuildPhase section */
		69A882482A092B79009D182A /* Sources */ = {
			isa = PBXSourcesBuildPhase;
			buildActionMask = 2147483647;
			files = (
				6981DEAC2A0D145C0081D917 /* ImgaeActionRowView.swift in Sources */,
				69A882812A092D24009D182A /* HomeRowView.swift in Sources */,
				69A882892A092F56009D182A /* DataConvertError.swift in Sources */,
				69A5C4F32A0A850500C8FE70 /* ToDoEditView.swift in Sources */,
				69A882832A092DA3009D182A /* ImageActionView.swift in Sources */,
				69A5C4F12A0A834300C8FE70 /* ToDoAddView.swift in Sources */,
				69A882902A0935E1009D182A /* HomeViewModel.swift in Sources */,
				69A882522A092B79009D182A /* HomeView.swift in Sources */,
				69A882872A092ECC009D182A /* Model.swift in Sources */,
				69BD0AE52A4D9B6A00DD7041 /* AVFoundationData.swift in Sources */,
				6981DEC52A0FB1A40081D917 /* ImageActionViewModel.swift in Sources */,
				69A8827D2A092CCC009D182A /* ToDoDetailView.swift in Sources */,
				69D8A2A52A7F74D5007C884C /* Color+.swift in Sources */,
				6981DEC02A0F88A10081D917 /* LottieView.swift in Sources */,
				69A8828D2A092F8A009D182A /* UserDefaultManager.swift in Sources */,
				69A5C4EE2A0A828800C8FE70 /* DetailRowView.swift in Sources */,
				69A882502A092B79009D182A /* ChildToDoApp.swift in Sources */,
				69A882962A093643009D182A /* DetailViewModel.swift in Sources */,
				69A8828B2A092F6B009D182A /* NonTextError.swift in Sources */,
			);
			runOnlyForDeploymentPostprocessing = 0;
		};
		69A882582A092B7A009D182A /* Sources */ = {
			isa = PBXSourcesBuildPhase;
			buildActionMask = 2147483647;
			files = (
				69A882612A092B7A009D182A /* ChildToDoTests.swift in Sources */,
			);
			runOnlyForDeploymentPostprocessing = 0;
		};
		69A882622A092B7A009D182A /* Sources */ = {
			isa = PBXSourcesBuildPhase;
			buildActionMask = 2147483647;
			files = (
				69A8826B2A092B7A009D182A /* ChildToDoUITests.swift in Sources */,
				69A8826D2A092B7A009D182A /* ChildToDoUITestsLaunchTests.swift in Sources */,
			);
			runOnlyForDeploymentPostprocessing = 0;
		};
/* End PBXSourcesBuildPhase section */

/* Begin PBXTargetDependency section */
		69A8825E2A092B7A009D182A /* PBXTargetDependency */ = {
			isa = PBXTargetDependency;
			target = 69A8824B2A092B79009D182A /* ChildToDo */;
			targetProxy = 69A8825D2A092B7A009D182A /* PBXContainerItemProxy */;
		};
		69A882682A092B7A009D182A /* PBXTargetDependency */ = {
			isa = PBXTargetDependency;
			target = 69A8824B2A092B79009D182A /* ChildToDo */;
			targetProxy = 69A882672A092B7A009D182A /* PBXContainerItemProxy */;
		};
/* End PBXTargetDependency section */

/* Begin XCBuildConfiguration section */
		69A8826E2A092B7A009D182A /* Debug */ = {
			isa = XCBuildConfiguration;
			buildSettings = {
				ALWAYS_SEARCH_USER_PATHS = NO;
				CLANG_ANALYZER_NONNULL = YES;
				CLANG_ANALYZER_NUMBER_OBJECT_CONVERSION = YES_AGGRESSIVE;
				CLANG_CXX_LANGUAGE_STANDARD = "gnu++20";
				CLANG_ENABLE_MODULES = YES;
				CLANG_ENABLE_OBJC_ARC = YES;
				CLANG_ENABLE_OBJC_WEAK = YES;
				CLANG_WARN_BLOCK_CAPTURE_AUTORELEASING = YES;
				CLANG_WARN_BOOL_CONVERSION = YES;
				CLANG_WARN_COMMA = YES;
				CLANG_WARN_CONSTANT_CONVERSION = YES;
				CLANG_WARN_DEPRECATED_OBJC_IMPLEMENTATIONS = YES;
				CLANG_WARN_DIRECT_OBJC_ISA_USAGE = YES_ERROR;
				CLANG_WARN_DOCUMENTATION_COMMENTS = YES;
				CLANG_WARN_EMPTY_BODY = YES;
				CLANG_WARN_ENUM_CONVERSION = YES;
				CLANG_WARN_INFINITE_RECURSION = YES;
				CLANG_WARN_INT_CONVERSION = YES;
				CLANG_WARN_NON_LITERAL_NULL_CONVERSION = YES;
				CLANG_WARN_OBJC_IMPLICIT_RETAIN_SELF = YES;
				CLANG_WARN_OBJC_LITERAL_CONVERSION = YES;
				CLANG_WARN_OBJC_ROOT_CLASS = YES_ERROR;
				CLANG_WARN_QUOTED_INCLUDE_IN_FRAMEWORK_HEADER = YES;
				CLANG_WARN_RANGE_LOOP_ANALYSIS = YES;
				CLANG_WARN_STRICT_PROTOTYPES = YES;
				CLANG_WARN_SUSPICIOUS_MOVE = YES;
				CLANG_WARN_UNGUARDED_AVAILABILITY = YES_AGGRESSIVE;
				CLANG_WARN_UNREACHABLE_CODE = YES;
				CLANG_WARN__DUPLICATE_METHOD_MATCH = YES;
				COPY_PHASE_STRIP = NO;
				DEBUG_INFORMATION_FORMAT = dwarf;
				ENABLE_STRICT_OBJC_MSGSEND = YES;
				ENABLE_TESTABILITY = YES;
				GCC_C_LANGUAGE_STANDARD = gnu11;
				GCC_DYNAMIC_NO_PIC = NO;
				GCC_NO_COMMON_BLOCKS = YES;
				GCC_OPTIMIZATION_LEVEL = 0;
				GCC_PREPROCESSOR_DEFINITIONS = (
					"DEBUG=1",
					"$(inherited)",
				);
				GCC_WARN_64_TO_32_BIT_CONVERSION = YES;
				GCC_WARN_ABOUT_RETURN_TYPE = YES_ERROR;
				GCC_WARN_UNDECLARED_SELECTOR = YES;
				GCC_WARN_UNINITIALIZED_AUTOS = YES_AGGRESSIVE;
				GCC_WARN_UNUSED_FUNCTION = YES;
				GCC_WARN_UNUSED_VARIABLE = YES;
				IPHONEOS_DEPLOYMENT_TARGET = 16.4;
				MTL_ENABLE_DEBUG_INFO = INCLUDE_SOURCE;
				MTL_FAST_MATH = YES;
				ONLY_ACTIVE_ARCH = YES;
				SDKROOT = iphoneos;
				SWIFT_ACTIVE_COMPILATION_CONDITIONS = DEBUG;
				SWIFT_OPTIMIZATION_LEVEL = "-Onone";
			};
			name = Debug;
		};
		69A8826F2A092B7A009D182A /* Release */ = {
			isa = XCBuildConfiguration;
			buildSettings = {
				ALWAYS_SEARCH_USER_PATHS = NO;
				CLANG_ANALYZER_NONNULL = YES;
				CLANG_ANALYZER_NUMBER_OBJECT_CONVERSION = YES_AGGRESSIVE;
				CLANG_CXX_LANGUAGE_STANDARD = "gnu++20";
				CLANG_ENABLE_MODULES = YES;
				CLANG_ENABLE_OBJC_ARC = YES;
				CLANG_ENABLE_OBJC_WEAK = YES;
				CLANG_WARN_BLOCK_CAPTURE_AUTORELEASING = YES;
				CLANG_WARN_BOOL_CONVERSION = YES;
				CLANG_WARN_COMMA = YES;
				CLANG_WARN_CONSTANT_CONVERSION = YES;
				CLANG_WARN_DEPRECATED_OBJC_IMPLEMENTATIONS = YES;
				CLANG_WARN_DIRECT_OBJC_ISA_USAGE = YES_ERROR;
				CLANG_WARN_DOCUMENTATION_COMMENTS = YES;
				CLANG_WARN_EMPTY_BODY = YES;
				CLANG_WARN_ENUM_CONVERSION = YES;
				CLANG_WARN_INFINITE_RECURSION = YES;
				CLANG_WARN_INT_CONVERSION = YES;
				CLANG_WARN_NON_LITERAL_NULL_CONVERSION = YES;
				CLANG_WARN_OBJC_IMPLICIT_RETAIN_SELF = YES;
				CLANG_WARN_OBJC_LITERAL_CONVERSION = YES;
				CLANG_WARN_OBJC_ROOT_CLASS = YES_ERROR;
				CLANG_WARN_QUOTED_INCLUDE_IN_FRAMEWORK_HEADER = YES;
				CLANG_WARN_RANGE_LOOP_ANALYSIS = YES;
				CLANG_WARN_STRICT_PROTOTYPES = YES;
				CLANG_WARN_SUSPICIOUS_MOVE = YES;
				CLANG_WARN_UNGUARDED_AVAILABILITY = YES_AGGRESSIVE;
				CLANG_WARN_UNREACHABLE_CODE = YES;
				CLANG_WARN__DUPLICATE_METHOD_MATCH = YES;
				COPY_PHASE_STRIP = NO;
				DEBUG_INFORMATION_FORMAT = "dwarf-with-dsym";
				ENABLE_NS_ASSERTIONS = NO;
				ENABLE_STRICT_OBJC_MSGSEND = YES;
				GCC_C_LANGUAGE_STANDARD = gnu11;
				GCC_NO_COMMON_BLOCKS = YES;
				GCC_WARN_64_TO_32_BIT_CONVERSION = YES;
				GCC_WARN_ABOUT_RETURN_TYPE = YES_ERROR;
				GCC_WARN_UNDECLARED_SELECTOR = YES;
				GCC_WARN_UNINITIALIZED_AUTOS = YES_AGGRESSIVE;
				GCC_WARN_UNUSED_FUNCTION = YES;
				GCC_WARN_UNUSED_VARIABLE = YES;
				IPHONEOS_DEPLOYMENT_TARGET = 16.4;
				MTL_ENABLE_DEBUG_INFO = NO;
				MTL_FAST_MATH = YES;
				SDKROOT = iphoneos;
				SWIFT_COMPILATION_MODE = wholemodule;
				SWIFT_OPTIMIZATION_LEVEL = "-O";
				VALIDATE_PRODUCT = YES;
			};
			name = Release;
		};
		69A882712A092B7A009D182A /* Debug */ = {
			isa = XCBuildConfiguration;
			buildSettings = {
				ASSETCATALOG_COMPILER_APPICON_NAME = AppIcon;
				ASSETCATALOG_COMPILER_GLOBAL_ACCENT_COLOR_NAME = AccentColor;
				CODE_SIGN_STYLE = Automatic;
				CURRENT_PROJECT_VERSION = 1;
				DEVELOPMENT_ASSET_PATHS = "\"ChildToDo/Preview Content\"";
				DEVELOPMENT_TEAM = 6NMWZ48XL4;
				ENABLE_PREVIEWS = YES;
				GENERATE_INFOPLIST_FILE = YES;
				INFOPLIST_KEY_UIApplicationSceneManifest_Generation = YES;
				INFOPLIST_KEY_UIApplicationSupportsIndirectInputEvents = YES;
				INFOPLIST_KEY_UILaunchScreen_Generation = YES;
				INFOPLIST_KEY_UISupportedInterfaceOrientations = UIInterfaceOrientationPortrait;
				INFOPLIST_KEY_UISupportedInterfaceOrientations_iPad = "UIInterfaceOrientationLandscapeLeft UIInterfaceOrientationLandscapeRight UIInterfaceOrientationPortrait UIInterfaceOrientationPortraitUpsideDown";
				INFOPLIST_KEY_UIUserInterfaceStyle = Light;
				IPHONEOS_DEPLOYMENT_TARGET = 16.0;
				LD_RUNPATH_SEARCH_PATHS = (
					"$(inherited)",
					"@executable_path/Frameworks",
				);
				MARKETING_VERSION = 1.1;
				PRODUCT_BUNDLE_IDENTIFIER = com.sako.ChildToDo;
				PRODUCT_NAME = "$(TARGET_NAME)";
				SWIFT_EMIT_LOC_STRINGS = YES;
				SWIFT_VERSION = 5.0;
				TARGETED_DEVICE_FAMILY = "1,2";
			};
			name = Debug;
		};
		69A882722A092B7A009D182A /* Release */ = {
			isa = XCBuildConfiguration;
			buildSettings = {
				ASSETCATALOG_COMPILER_APPICON_NAME = AppIcon;
				ASSETCATALOG_COMPILER_GLOBAL_ACCENT_COLOR_NAME = AccentColor;
				CODE_SIGN_STYLE = Automatic;
				CURRENT_PROJECT_VERSION = 1;
				DEVELOPMENT_ASSET_PATHS = "\"ChildToDo/Preview Content\"";
				DEVELOPMENT_TEAM = 6NMWZ48XL4;
				ENABLE_PREVIEWS = YES;
				GENERATE_INFOPLIST_FILE = YES;
				INFOPLIST_KEY_UIApplicationSceneManifest_Generation = YES;
				INFOPLIST_KEY_UIApplicationSupportsIndirectInputEvents = YES;
				INFOPLIST_KEY_UILaunchScreen_Generation = YES;
				INFOPLIST_KEY_UISupportedInterfaceOrientations = UIInterfaceOrientationPortrait;
				INFOPLIST_KEY_UISupportedInterfaceOrientations_iPad = "UIInterfaceOrientationLandscapeLeft UIInterfaceOrientationLandscapeRight UIInterfaceOrientationPortrait UIInterfaceOrientationPortraitUpsideDown";
				INFOPLIST_KEY_UIUserInterfaceStyle = Light;
				IPHONEOS_DEPLOYMENT_TARGET = 16.0;
				LD_RUNPATH_SEARCH_PATHS = (
					"$(inherited)",
					"@executable_path/Frameworks",
				);
				MARKETING_VERSION = 1.1;
				PRODUCT_BUNDLE_IDENTIFIER = com.sako.ChildToDo;
				PRODUCT_NAME = "$(TARGET_NAME)";
				SWIFT_EMIT_LOC_STRINGS = YES;
				SWIFT_VERSION = 5.0;
				TARGETED_DEVICE_FAMILY = "1,2";
			};
			name = Release;
		};
		69A882742A092B7A009D182A /* Debug */ = {
			isa = XCBuildConfiguration;
			buildSettings = {
				ALWAYS_EMBED_SWIFT_STANDARD_LIBRARIES = YES;
				BUNDLE_LOADER = "$(TEST_HOST)";
				CODE_SIGN_STYLE = Automatic;
				CURRENT_PROJECT_VERSION = 1;
				GENERATE_INFOPLIST_FILE = YES;
				IPHONEOS_DEPLOYMENT_TARGET = 16.4;
				MARKETING_VERSION = 1.0;
				PRODUCT_BUNDLE_IDENTIFIER = com.sako.ChildToDoTests;
				PRODUCT_NAME = "$(TARGET_NAME)";
				SWIFT_EMIT_LOC_STRINGS = NO;
				SWIFT_VERSION = 5.0;
				TARGETED_DEVICE_FAMILY = "1,2";
				TEST_HOST = "$(BUILT_PRODUCTS_DIR)/ChildToDo.app/$(BUNDLE_EXECUTABLE_FOLDER_PATH)/ChildToDo";
			};
			name = Debug;
		};
		69A882752A092B7A009D182A /* Release */ = {
			isa = XCBuildConfiguration;
			buildSettings = {
				ALWAYS_EMBED_SWIFT_STANDARD_LIBRARIES = YES;
				BUNDLE_LOADER = "$(TEST_HOST)";
				CODE_SIGN_STYLE = Automatic;
				CURRENT_PROJECT_VERSION = 1;
				GENERATE_INFOPLIST_FILE = YES;
				IPHONEOS_DEPLOYMENT_TARGET = 16.4;
				MARKETING_VERSION = 1.0;
				PRODUCT_BUNDLE_IDENTIFIER = com.sako.ChildToDoTests;
				PRODUCT_NAME = "$(TARGET_NAME)";
				SWIFT_EMIT_LOC_STRINGS = NO;
				SWIFT_VERSION = 5.0;
				TARGETED_DEVICE_FAMILY = "1,2";
				TEST_HOST = "$(BUILT_PRODUCTS_DIR)/ChildToDo.app/$(BUNDLE_EXECUTABLE_FOLDER_PATH)/ChildToDo";
			};
			name = Release;
		};
		69A882772A092B7A009D182A /* Debug */ = {
			isa = XCBuildConfiguration;
			buildSettings = {
				ALWAYS_EMBED_SWIFT_STANDARD_LIBRARIES = YES;
				CODE_SIGN_STYLE = Automatic;
				CURRENT_PROJECT_VERSION = 1;
				GENERATE_INFOPLIST_FILE = YES;
				MARKETING_VERSION = 1.0;
				PRODUCT_BUNDLE_IDENTIFIER = com.sako.ChildToDoUITests;
				PRODUCT_NAME = "$(TARGET_NAME)";
				SWIFT_EMIT_LOC_STRINGS = NO;
				SWIFT_VERSION = 5.0;
				TARGETED_DEVICE_FAMILY = "1,2";
				TEST_TARGET_NAME = ChildToDo;
			};
			name = Debug;
		};
		69A882782A092B7A009D182A /* Release */ = {
			isa = XCBuildConfiguration;
			buildSettings = {
				ALWAYS_EMBED_SWIFT_STANDARD_LIBRARIES = YES;
				CODE_SIGN_STYLE = Automatic;
				CURRENT_PROJECT_VERSION = 1;
				GENERATE_INFOPLIST_FILE = YES;
				MARKETING_VERSION = 1.0;
				PRODUCT_BUNDLE_IDENTIFIER = com.sako.ChildToDoUITests;
				PRODUCT_NAME = "$(TARGET_NAME)";
				SWIFT_EMIT_LOC_STRINGS = NO;
				SWIFT_VERSION = 5.0;
				TARGETED_DEVICE_FAMILY = "1,2";
				TEST_TARGET_NAME = ChildToDo;
			};
			name = Release;
		};
/* End XCBuildConfiguration section */

/* Begin XCConfigurationList section */
		69A882472A092B79009D182A /* Build configuration list for PBXProject "ChildToDo" */ = {
			isa = XCConfigurationList;
			buildConfigurations = (
				69A8826E2A092B7A009D182A /* Debug */,
				69A8826F2A092B7A009D182A /* Release */,
			);
			defaultConfigurationIsVisible = 0;
			defaultConfigurationName = Release;
		};
		69A882702A092B7A009D182A /* Build configuration list for PBXNativeTarget "ChildToDo" */ = {
			isa = XCConfigurationList;
			buildConfigurations = (
				69A882712A092B7A009D182A /* Debug */,
				69A882722A092B7A009D182A /* Release */,
			);
			defaultConfigurationIsVisible = 0;
			defaultConfigurationName = Release;
		};
		69A882732A092B7A009D182A /* Build configuration list for PBXNativeTarget "ChildToDoTests" */ = {
			isa = XCConfigurationList;
			buildConfigurations = (
				69A882742A092B7A009D182A /* Debug */,
				69A882752A092B7A009D182A /* Release */,
			);
			defaultConfigurationIsVisible = 0;
			defaultConfigurationName = Release;
		};
		69A882762A092B7A009D182A /* Build configuration list for PBXNativeTarget "ChildToDoUITests" */ = {
			isa = XCConfigurationList;
			buildConfigurations = (
				69A882772A092B7A009D182A /* Debug */,
				69A882782A092B7A009D182A /* Release */,
			);
			defaultConfigurationIsVisible = 0;
			defaultConfigurationName = Release;
		};
/* End XCConfigurationList section */

/* Begin XCRemoteSwiftPackageReference section */
		6981DEBC2A0F7F160081D917 /* XCRemoteSwiftPackageReference "lottie-ios" */ = {
			isa = XCRemoteSwiftPackageReference;
			repositoryURL = "https://github.com/airbnb/lottie-ios.git";
			requirement = {
				kind = upToNextMajorVersion;
				minimumVersion = 4.0.0;
			};
		};
/* End XCRemoteSwiftPackageReference section */

/* Begin XCSwiftPackageProductDependency section */
		6981DEBD2A0F7F160081D917 /* Lottie */ = {
			isa = XCSwiftPackageProductDependency;
			package = 6981DEBC2A0F7F160081D917 /* XCRemoteSwiftPackageReference "lottie-ios" */;
			productName = Lottie;
		};
/* End XCSwiftPackageProductDependency section */
	};
	rootObject = 69A882442A092B79009D182A /* Project object */;
}
