{
  "originHash" : "0a79f2009ea5ba6a9e7c2c6471d05458a7ac9a981d2fd7ab914f1eb741af1ea1",
  "pins" : [
    {
      "identity" : "lottie-ios",
      "kind" : "remoteSourceControl",
      "location" : "https://github.com/airbnb/lottie-ios.git",
      "state" : {
        "revision" : "ab15129d567eda5da0631fcba23de60144a612f4",
        "version" : "4.4.2"
      }
    }
  ],
  "version" : 3
}
